// !$*UTF8*$!
{
	archiveVersion = 1;
	classes = {
	};
	objectVersion = 46;
	objects = {

/* Begin PBXBuildFile section */
		6DC453B81BD64F4F000E529A /* AppDelegate.swift in Sources */ = {isa = PBXBuildFile; fileRef = 6DC453B71BD64F4F000E529A /* AppDelegate.swift */; };
		6DC453BA1BD64F4F000E529A /* ViewController.swift in Sources */ = {isa = PBXBuildFile; fileRef = 6DC453B91BD64F4F000E529A /* ViewController.swift */; };
		6DC453BD1BD64F4F000E529A /* Main.storyboard in Resources */ = {isa = PBXBuildFile; fileRef = 6DC453BB1BD64F4F000E529A /* Main.storyboard */; };
		6DC453BF1BD64F4F000E529A /* Assets.xcassets in Resources */ = {isa = PBXBuildFile; fileRef = 6DC453BE1BD64F4F000E529A /* Assets.xcassets */; };
		6DC453C21BD64F4F000E529A /* LaunchScreen.storyboard in Resources */ = {isa = PBXBuildFile; fileRef = 6DC453C01BD64F4F000E529A /* LaunchScreen.storyboard */; };
/* End PBXBuildFile section */

/* Begin PBXFileReference section */
		6DC453B41BD64F4F000E529A /* Project6b.app */ = {isa = PBXFileReference; explicitFileType = wrapper.application; includeInIndex = 0; path = Project6b.app; sourceTree = BUILT_PRODUCTS_DIR; };
		6DC453B71BD64F4F000E529A /* AppDelegate.swift */ = {isa = PBXFileReference; lastKnownFileType = sourcecode.swift; path = AppDelegate.swift; sourceTree = "<group>"; };
		6DC453B91BD64F4F000E529A /* ViewController.swift */ = {isa = PBXFileReference; lastKnownFileType = sourcecode.swift; path = ViewController.swift; sourceTree = "<group>"; };
		6DC453BC1BD64F4F000E529A /* Base */ = {isa = PBXFileReference; lastKnownFileType = file.storyboard; name = Base; path = Base.lproj/Main.storyboard; sourceTree = "<group>"; };
		6DC453BE1BD64F4F000E529A /* Assets.xcassets */ = {isa = PBXFileReference; lastKnownFileType = folder.assetcatalog; path = Assets.xcassets; sourceTree = "<group>"; };
		6DC453C11BD64F4F000E529A /* Base */ = {isa = PBXFileReference; lastKnownFileType = file.storyboard; name = Base; path = Base.lproj/LaunchScreen.storyboard; sourceTree = "<group>"; };
		6DC453C31BD64F4F000E529A /* Info.plist */ = {isa = PBXFileReference; lastKnownFileType = text.plist.xml; path = Info.plist; sourceTree = "<group>"; };
/* End PBXFileReference section */

/* Begin PBXFrameworksBuildPhase section */
		6DC453B11BD64F4F000E529A /* Frameworks */ = {
			isa = PBXFrameworksBuildPhase;
			buildActionMask = 2147483647;
			files = (
			);
			runOnlyForDeploymentPostprocessing = 0;
		};
/* End PBXFrameworksBuildPhase section */

/* Begin PBXGroup section */
		6DC453AB1BD64F4F000E529A = {
			isa = PBXGroup;
			children = (
				6DC453B61BD64F4F000E529A /* Project6b */,
				6DC453B51BD64F4F000E529A /* Products */,
			);
			sourceTree = "<group>";
		};
		6DC453B51BD64F4F000E529A /* Products */ = {
			isa = PBXGroup;
			children = (
				6DC453B41BD64F4F000E529A /* Project6b.app */,
			);
			name = Products;
			sourceTree = "<group>";
		};
		6DC453B61BD64F4F000E529A /* Project6b */ = {
			isa = PBXGroup;
			children = (
				6DC453B71BD64F4F000E529A /* AppDelegate.swift */,
				6DC453B91BD64F4F000E529A /* ViewController.swift */,
				6DC453BB1BD64F4F000E529A /* Main.storyboard */,
				6DC453BE1BD64F4F000E529A /* Assets.xcassets */,
				6DC453C01BD64F4F000E529A /* LaunchScreen.storyboard */,
				6DC453C31BD64F4F000E529A /* Info.plist */,
			);
			path = Project6b;
			sourceTree = "<group>";
		};
/* End PBXGroup section */

/* Begin PBXNativeTarget section */
		6DC453B31BD64F4F000E529A /* Project6b */ = {
			isa = PBXNativeTarget;
			buildConfigurationList = 6DC453C61BD64F4F000E529A /* Build configuration list for PBXNativeTarget "Project6b" */;
			buildPhases = (
				6DC453B01BD64F4F000E529A /* Sources */,
				6DC453B11BD64F4F000E529A /* Frameworks */,
				6DC453B21BD64F4F000E529A /* Resources */,
			);
			buildRules = (
			);
			dependencies = (
			);
			name = Project6b;
			productName = Project6b;
			productReference = 6DC453B41BD64F4F000E529A /* Project6b.app */;
			productType = "com.apple.product-type.application";
		};
/* End PBXNativeTarget section */

/* Begin PBXProject section */
		6DC453AC1BD64F4F000E529A /* Project object */ = {
			isa = PBXProject;
			attributes = {
				LastUpgradeCheck = 0700;
				ORGANIZATIONNAME = "FPSS 1999-2015";
				TargetAttributes = {
					6DC453B31BD64F4F000E529A = {
						CreatedOnToolsVersion = 7.0;
					};
				};
			};
			buildConfigurationList = 6DC453AF1BD64F4F000E529A /* Build configuration list for PBXProject "Project6b" */;
			compatibilityVersion = "Xcode 3.2";
			developmentRegion = English;
			hasScannedForEncodings = 0;
			knownRegions = (
				en,
				Base,
			);
			mainGroup = 6DC453AB1BD64F4F000E529A;
			productRefGroup = 6DC453B51BD64F4F000E529A /* Products */;
			projectDirPath = "";
			projectRoot = "";
			targets = (
				6DC453B31BD64F4F000E529A /* Project6b */,
			);
		};
/* End PBXProject section */

/* Begin PBXResourcesBuildPhase section */
		6DC453B21BD64F4F000E529A /* Resources */ = {
			isa = PBXResourcesBuildPhase;
			buildActionMask = 2147483647;
			files = (
				6DC453C21BD64F4F000E529A /* LaunchScreen.storyboard in Resources */,
				6DC453BF1BD64F4F000E529A /* Assets.xcassets in Resources */,
				6DC453BD1BD64F4F000E529A /* Main.storyboard in Resources */,
			);
			runOnlyForDeploymentPostprocessing = 0;
		};
/* End PBXResourcesBuildPhase section */

/* Begin PBXSourcesBuildPhase section */
		6DC453B01BD64F4F000E529A /* Sources */ = {
			isa = PBXSourcesBuildPhase;
			buildActionMask = 2147483647;
			files = (
				6DC453BA1BD64F4F000E529A /* ViewController.swift in Sources */,
				6DC453B81BD64F4F000E529A /* AppDelegate.swift in Sources */,
			);
			runOnlyForDeploymentPostprocessing = 0;
		};
/* End PBXSourcesBuildPhase section */

/* Begin PBXVariantGroup section */
		6DC453BB1BD64F4F000E529A /* Main.storyboard */ = {
			isa = PBXVariantGroup;
			children = (
				6DC453BC1BD64F4F000E529A /* Base */,
			);
			name = Main.storyboard;
			sourceTree = "<group>";
		};
		6DC453C01BD64F4F000E529A /* LaunchScreen.storyboard */ = {
			isa = PBXVariantGroup;
			children = (
				6DC453C11BD64F4F000E529A /* Base */,
			);
			name = LaunchScreen.storyboard;
			sourceTree = "<group>";
		};
/* End PBXVariantGroup section */

/* Begin XCBuildConfiguration section */
		6DC453C41BD64F4F000E529A /* Debug */ = {
			isa = XCBuildConfiguration;
			buildSettings = {
				ALWAYS_SEARCH_USER_PATHS = NO;
				CLANG_CXX_LANGUAGE_STANDARD = "gnu++0x";
				CLANG_CXX_LIBRARY = "libc++";
				CLANG_ENABLE_MODULES = YES;
				CLANG_ENABLE_OBJC_ARC = YES;
				CLANG_WARN_BOOL_CONVERSION = YES;
				CLANG_WARN_CONSTANT_CONVERSION = YES;
				CLANG_WARN_DIRECT_OBJC_ISA_USAGE = YES_ERROR;
				CLANG_WARN_EMPTY_BODY = YES;
				CLANG_WARN_ENUM_CONVERSION = YES;
				CLANG_WARN_INT_CONVERSION = YES;
				CLANG_WARN_OBJC_ROOT_CLASS = YES_ERROR;
				CLANG_WARN_UNREACHABLE_CODE = YES;
				CLANG_WARN__DUPLICATE_METHOD_MATCH = YES;
				"CODE_SIGN_IDENTITY[sdk=iphoneos*]" = "iPhone Developer";
				COPY_PHASE_STRIP = NO;
				DEBUG_INFORMATION_FORMAT = dwarf;
				ENABLE_STRICT_OBJC_MSGSEND = YES;
				ENABLE_TESTABILITY = YES;
				GCC_C_LANGUAGE_STANDARD = gnu99;
				GCC_DYNAMIC_NO_PIC = NO;
				GCC_NO_COMMON_BLOCKS = YES;
				GCC_OPTIMIZATION_LEVEL = 0;
				GCC_PREPROCESSOR_DEFINITIONS = (
					"DEBUG=1",
					"$(inherited)",
				);
				GCC_WARN_64_TO_32_BIT_CONVERSION = YES;
				GCC_WARN_ABOUT_RETURN_TYPE = YES_ERROR;
				GCC_WARN_UNDECLARED_SELECTOR = YES;
				GCC_WARN_UNINITIALIZED_AUTOS = YES_AGGRESSIVE;
				GCC_WARN_UNUSED_FUNCTION = YES;
				GCC_WARN_UNUSED_VARIABLE = YES;
				IPHONEOS_DEPLOYMENT_TARGET = 9.0;
				MTL_ENABLE_DEBUG_INFO = YES;
				ONLY_ACTIVE_ARCH = YES;
				SDKROOT = iphoneos;
				SWIFT_OPTIMIZATION_LEVEL = "-Onone";
			};
			name = Debug;
		};
		6DC453C51BD64F4F000E529A /* Release */ = {
			isa = XCBuildConfiguration;
			buildSettings = {
				ALWAYS_SEARCH_USER_PATHS = NO;
				CLANG_CXX_LANGUAGE_STANDARD = "gnu++0x";
				CLANG_CXX_LIBRARY = "libc++";
				CLANG_ENABLE_MODULES = YES;
				CLANG_ENABLE_OBJC_ARC = YES;
				CLANG_WARN_BOOL_CONVERSION = YES;
				CLANG_WARN_CONSTANT_CONVERSION = YES;
				CLANG_WARN_DIRECT_OBJC_ISA_USAGE = YES_ERROR;
				CLANG_WARN_EMPTY_BODY = YES;
				CLANG_WARN_ENUM_CONVERSION = YES;
				CLANG_WARN_INT_CONVERSION = YES;
				CLANG_WARN_OBJC_ROOT_CLASS = YES_ERROR;
				CLANG_WARN_UNREACHABLE_CODE = YES;
				CLANG_WARN__DUPLICATE_METHOD_MATCH = YES;
				"CODE_SIGN_IDENTITY[sdk=iphoneos*]" = "iPhone Developer";
				COPY_PHASE_STRIP = NO;
				DEBUG_INFORMATION_FORMAT = "dwarf-with-dsym";
				ENABLE_NS_ASSERTIONS = NO;
				ENABLE_STRICT_OBJC_MSGSEND = YES;
				GCC_C_LANGUAGE_STANDARD = gnu99;
				GCC_NO_COMMON_BLOCKS = YES;
				GCC_WARN_64_TO_32_BIT_CONVERSION = YES;
				GCC_WARN_ABOUT_RETURN_TYPE = YES_ERROR;
				GCC_WARN_UNDECLARED_SELECTOR = YES;
				GCC_WARN_UNINITIALIZED_AUTOS = YES_AGGRESSIVE;
				GCC_WARN_UNUSED_FUNCTION = YES;
				GCC_WARN_UNUSED_VARIABLE = YES;
				IPHONEOS_DEPLOYMENT_TARGET = 9.0;
				MTL_ENABLE_DEBUG_INFO = NO;
				SDKROOT = iphoneos;
				VALIDATE_PRODUCT = YES;
			};
			name = Release;
		};
		6DC453C71BD64F4F000E529A /* Debug */ = {
			isa = XCBuildConfiguration;
			buildSettings = {
				ASSETCATALOG_COMPILER_APPICON_NAME = AppIcon;
				INFOPLIST_FILE = Project6b/Info.plist;
				LD_RUNPATH_SEARCH_PATHS = "$(inherited) @executable_path/Frameworks";
				PRODUCT_BUNDLE_IDENTIFIER = "FPSS-1999-2015.Project6b";
				PRODUCT_NAME = "$(TARGET_NAME)";
			};
			name = Debug;
		};
		6DC453C81BD64F4F000E529A /* Release */ = {
			isa = XCBuildConfiguration;
			buildSettings = {
				ASSETCATALOG_COMPILER_APPICON_NAME = AppIcon;
				INFOPLIST_FILE = Project6b/Info.plist;
				LD_RUNPATH_SEARCH_PATHS = "$(inherited) @executable_path/Frameworks";
				PRODUCT_BUNDLE_IDENTIFIER = "FPSS-1999-2015.Project6b";
				PRODUCT_NAME = "$(TARGET_NAME)";
			};
			name = Release;
		};
/* End XCBuildConfiguration section */

/* Begin XCConfigurationList section */
		6DC453AF1BD64F4F000E529A /* Build configuration list for PBXProject "Project6b" */ = {
			isa = XCConfigurationList;
			buildConfigurations = (
				6DC453C41BD64F4F000E529A /* Debug */,
				6DC453C51BD64F4F000E529A /* Release */,
			);
			defaultConfigurationIsVisible = 0;
			defaultConfigurationName = Release;
		};
		6DC453C61BD64F4F000E529A /* Build configuration list for PBXNativeTarget "Project6b" */ = {
			isa = XCConfigurationList;
			buildConfigurations = (
				6DC453C71BD64F4F000E529A /* Debug */,
				6DC453C81BD64F4F000E529A /* Release */,
			);
			defaultConfigurationIsVisible = 0;
		};
/* End XCConfigurationList section */
	};
	rootObject = 6DC453AC1BD64F4F000E529A /* Project object */;
}
