// !$*UTF8*$!
{
	archiveVersion = 1;
	classes = {
	};
	objectVersion = 46;
	objects = {

/* Begin PBXBuildFile section */
		6D1FCCC71BCBA53D002701D9 /* AppDelegate.swift in Sources */ = {isa = PBXBuildFile; fileRef = 6D1FCCC61BCBA53D002701D9 /* AppDelegate.swift */; };
		6D1FCCC91BCBA53D002701D9 /* ViewController.swift in Sources */ = {isa = PBXBuildFile; fileRef = 6D1FCCC81BCBA53D002701D9 /* ViewController.swift */; };
		6D1FCCCC1BCBA53D002701D9 /* Main.storyboard in Resources */ = {isa = PBXBuildFile; fileRef = 6D1FCCCA1BCBA53D002701D9 /* Main.storyboard */; };
		6D1FCCCE1BCBA53D002701D9 /* Assets.xcassets in Resources */ = {isa = PBXBuildFile; fileRef = 6D1FCCCD1BCBA53D002701D9 /* Assets.xcassets */; };
		6D1FCCD11BCBA53D002701D9 /* LaunchScreen.storyboard in Resources */ = {isa = PBXBuildFile; fileRef = 6D1FCCCF1BCBA53D002701D9 /* LaunchScreen.storyboard */; };
/* End PBXBuildFile section */

/* Begin PBXFileReference section */
		6D1FCCC31BCBA53D002701D9 /* Project4.app */ = {isa = PBXFileReference; explicitFileType = wrapper.application; includeInIndex = 0; path = Project4.app; sourceTree = BUILT_PRODUCTS_DIR; };
		6D1FCCC61BCBA53D002701D9 /* AppDelegate.swift */ = {isa = PBXFileReference; lastKnownFileType = sourcecode.swift; path = AppDelegate.swift; sourceTree = "<group>"; };
		6D1FCCC81BCBA53D002701D9 /* ViewController.swift */ = {isa = PBXFileReference; lastKnownFileType = sourcecode.swift; path = ViewController.swift; sourceTree = "<group>"; };
		6D1FCCCB1BCBA53D002701D9 /* Base */ = {isa = PBXFileReference; lastKnownFileType = file.storyboard; name = Base; path = Base.lproj/Main.storyboard; sourceTree = "<group>"; };
		6D1FCCCD1BCBA53D002701D9 /* Assets.xcassets */ = {isa = PBXFileReference; lastKnownFileType = folder.assetcatalog; path = Assets.xcassets; sourceTree = "<group>"; };
		6D1FCCD01BCBA53D002701D9 /* Base */ = {isa = PBXFileReference; lastKnownFileType = file.storyboard; name = Base; path = Base.lproj/LaunchScreen.storyboard; sourceTree = "<group>"; };
		6D1FCCD21BCBA53D002701D9 /* Info.plist */ = {isa = PBXFileReference; lastKnownFileType = text.plist.xml; path = Info.plist; sourceTree = "<group>"; };
/* End PBXFileReference section */

/* Begin PBXFrameworksBuildPhase section */
		6D1FCCC01BCBA53D002701D9 /* Frameworks */ = {
			isa = PBXFrameworksBuildPhase;
			buildActionMask = 2147483647;
			files = (
			);
			runOnlyForDeploymentPostprocessing = 0;
		};
/* End PBXFrameworksBuildPhase section */

/* Begin PBXGroup section */
		6D1FCCBA1BCBA53D002701D9 = {
			isa = PBXGroup;
			children = (
				6D1FCCC51BCBA53D002701D9 /* Project4 */,
				6D1FCCC41BCBA53D002701D9 /* Products */,
			);
			sourceTree = "<group>";
		};
		6D1FCCC41BCBA53D002701D9 /* Products */ = {
			isa = PBXGroup;
			children = (
				6D1FCCC31BCBA53D002701D9 /* Project4.app */,
			);
			name = Products;
			sourceTree = "<group>";
		};
		6D1FCCC51BCBA53D002701D9 /* Project4 */ = {
			isa = PBXGroup;
			children = (
				6D1FCCC61BCBA53D002701D9 /* AppDelegate.swift */,
				6D1FCCC81BCBA53D002701D9 /* ViewController.swift */,
				6D1FCCCA1BCBA53D002701D9 /* Main.storyboard */,
				6D1FCCCD1BCBA53D002701D9 /* Assets.xcassets */,
				6D1FCCCF1BCBA53D002701D9 /* LaunchScreen.storyboard */,
				6D1FCCD21BCBA53D002701D9 /* Info.plist */,
			);
			path = Project4;
			sourceTree = "<group>";
		};
/* End PBXGroup section */

/* Begin PBXNativeTarget section */
		6D1FCCC21BCBA53D002701D9 /* Project4 */ = {
			isa = PBXNativeTarget;
			buildConfigurationList = 6D1FCCD51BCBA53D002701D9 /* Build configuration list for PBXNativeTarget "Project4" */;
			buildPhases = (
				6D1FCCBF1BCBA53D002701D9 /* Sources */,
				6D1FCCC01BCBA53D002701D9 /* Frameworks */,
				6D1FCCC11BCBA53D002701D9 /* Resources */,
			);
			buildRules = (
			);
			dependencies = (
			);
			name = Project4;
			productName = Project4;
			productReference = 6D1FCCC31BCBA53D002701D9 /* Project4.app */;
			productType = "com.apple.product-type.application";
		};
/* End PBXNativeTarget section */

/* Begin PBXProject section */
		6D1FCCBB1BCBA53D002701D9 /* Project object */ = {
			isa = PBXProject;
			attributes = {
				LastUpgradeCheck = 0700;
				ORGANIZATIONNAME = "FPSS 1999-2015";
				TargetAttributes = {
					6D1FCCC21BCBA53D002701D9 = {
						CreatedOnToolsVersion = 7.0;
					};
				};
			};
			buildConfigurationList = 6D1FCCBE1BCBA53D002701D9 /* Build configuration list for PBXProject "Project4" */;
			compatibilityVersion = "Xcode 3.2";
			developmentRegion = English;
			hasScannedForEncodings = 0;
			knownRegions = (
				en,
				Base,
			);
			mainGroup = 6D1FCCBA1BCBA53D002701D9;
			productRefGroup = 6D1FCCC41BCBA53D002701D9 /* Products */;
			projectDirPath = "";
			projectRoot = "";
			targets = (
				6D1FCCC21BCBA53D002701D9 /* Project4 */,
			);
		};
/* End PBXProject section */

/* Begin PBXResourcesBuildPhase section */
		6D1FCCC11BCBA53D002701D9 /* Resources */ = {
			isa = PBXResourcesBuildPhase;
			buildActionMask = 2147483647;
			files = (
				6D1FCCD11BCBA53D002701D9 /* LaunchScreen.storyboard in Resources */,
				6D1FCCCE1BCBA53D002701D9 /* Assets.xcassets in Resources */,
				6D1FCCCC1BCBA53D002701D9 /* Main.storyboard in Resources */,
			);
			runOnlyForDeploymentPostprocessing = 0;
		};
/* End PBXResourcesBuildPhase section */

/* Begin PBXSourcesBuildPhase section */
		6D1FCCBF1BCBA53D002701D9 /* Sources */ = {
			isa = PBXSourcesBuildPhase;
			buildActionMask = 2147483647;
			files = (
				6D1FCCC91BCBA53D002701D9 /* ViewController.swift in Sources */,
				6D1FCCC71BCBA53D002701D9 /* AppDelegate.swift in Sources */,
			);
			runOnlyForDeploymentPostprocessing = 0;
		};
/* End PBXSourcesBuildPhase section */

/* Begin PBXVariantGroup section */
		6D1FCCCA1BCBA53D002701D9 /* Main.storyboard */ = {
			isa = PBXVariantGroup;
			children = (
				6D1FCCCB1BCBA53D002701D9 /* Base */,
			);
			name = Main.storyboard;
			sourceTree = "<group>";
		};
		6D1FCCCF1BCBA53D002701D9 /* LaunchScreen.storyboard */ = {
			isa = PBXVariantGroup;
			children = (
				6D1FCCD01BCBA53D002701D9 /* Base */,
			);
			name = LaunchScreen.storyboard;
			sourceTree = "<group>";
		};
/* End PBXVariantGroup section */

/* Begin XCBuildConfiguration section */
		6D1FCCD31BCBA53D002701D9 /* Debug */ = {
			isa = XCBuildConfiguration;
			buildSettings = {
				ALWAYS_SEARCH_USER_PATHS = NO;
				CLANG_CXX_LANGUAGE_STANDARD = "gnu++0x";
				CLANG_CXX_LIBRARY = "libc++";
				CLANG_ENABLE_MODULES = YES;
				CLANG_ENABLE_OBJC_ARC = YES;
				CLANG_WARN_BOOL_CONVERSION = YES;
				CLANG_WARN_CONSTANT_CONVERSION = YES;
				CLANG_WARN_DIRECT_OBJC_ISA_USAGE = YES_ERROR;
				CLANG_WARN_EMPTY_BODY = YES;
				CLANG_WARN_ENUM_CONVERSION = YES;
				CLANG_WARN_INT_CONVERSION = YES;
				CLANG_WARN_OBJC_ROOT_CLASS = YES_ERROR;
				CLANG_WARN_UNREACHABLE_CODE = YES;
				CLANG_WARN__DUPLICATE_METHOD_MATCH = YES;
				"CODE_SIGN_IDENTITY[sdk=iphoneos*]" = "iPhone Developer";
				COPY_PHASE_STRIP = NO;
				DEBUG_INFORMATION_FORMAT = dwarf;
				ENABLE_STRICT_OBJC_MSGSEND = YES;
				ENABLE_TESTABILITY = YES;
				GCC_C_LANGUAGE_STANDARD = gnu99;
				GCC_DYNAMIC_NO_PIC = NO;
				GCC_NO_COMMON_BLOCKS = YES;
				GCC_OPTIMIZATION_LEVEL = 0;
				GCC_PREPROCESSOR_DEFINITIONS = (
					"DEBUG=1",
					"$(inherited)",
				);
				GCC_WARN_64_TO_32_BIT_CONVERSION = YES;
				GCC_WARN_ABOUT_RETURN_TYPE = YES_ERROR;
				GCC_WARN_UNDECLARED_SELECTOR = YES;
				GCC_WARN_UNINITIALIZED_AUTOS = YES_AGGRESSIVE;
				GCC_WARN_UNUSED_FUNCTION = YES;
				GCC_WARN_UNUSED_VARIABLE = YES;
				IPHONEOS_DEPLOYMENT_TARGET = 9.0;
				MTL_ENABLE_DEBUG_INFO = YES;
				ONLY_ACTIVE_ARCH = YES;
				SDKROOT = iphoneos;
				SWIFT_OPTIMIZATION_LEVEL = "-Onone";
			};
			name = Debug;
		};
		6D1FCCD41BCBA53D002701D9 /* Release */ = {
			isa = XCBuildConfiguration;
			buildSettings = {
				ALWAYS_SEARCH_USER_PATHS = NO;
				CLANG_CXX_LANGUAGE_STANDARD = "gnu++0x";
				CLANG_CXX_LIBRARY = "libc++";
				CLANG_ENABLE_MODULES = YES;
				CLANG_ENABLE_OBJC_ARC = YES;
				CLANG_WARN_BOOL_CONVERSION = YES;
				CLANG_WARN_CONSTANT_CONVERSION = YES;
				CLANG_WARN_DIRECT_OBJC_ISA_USAGE = YES_ERROR;
				CLANG_WARN_EMPTY_BODY = YES;
				CLANG_WARN_ENUM_CONVERSION = YES;
				CLANG_WARN_INT_CONVERSION = YES;
				CLANG_WARN_OBJC_ROOT_CLASS = YES_ERROR;
				CLANG_WARN_UNREACHABLE_CODE = YES;
				CLANG_WARN__DUPLICATE_METHOD_MATCH = YES;
				"CODE_SIGN_IDENTITY[sdk=iphoneos*]" = "iPhone Developer";
				COPY_PHASE_STRIP = NO;
				DEBUG_INFORMATION_FORMAT = "dwarf-with-dsym";
				ENABLE_NS_ASSERTIONS = NO;
				ENABLE_STRICT_OBJC_MSGSEND = YES;
				GCC_C_LANGUAGE_STANDARD = gnu99;
				GCC_NO_COMMON_BLOCKS = YES;
				GCC_WARN_64_TO_32_BIT_CONVERSION = YES;
				GCC_WARN_ABOUT_RETURN_TYPE = YES_ERROR;
				GCC_WARN_UNDECLARED_SELECTOR = YES;
				GCC_WARN_UNINITIALIZED_AUTOS = YES_AGGRESSIVE;
				GCC_WARN_UNUSED_FUNCTION = YES;
				GCC_WARN_UNUSED_VARIABLE = YES;
				IPHONEOS_DEPLOYMENT_TARGET = 9.0;
				MTL_ENABLE_DEBUG_INFO = NO;
				SDKROOT = iphoneos;
				VALIDATE_PRODUCT = YES;
			};
			name = Release;
		};
		6D1FCCD61BCBA53D002701D9 /* Debug */ = {
			isa = XCBuildConfiguration;
			buildSettings = {
				ASSETCATALOG_COMPILER_APPICON_NAME = AppIcon;
				INFOPLIST_FILE = Project4/Info.plist;
				LD_RUNPATH_SEARCH_PATHS = "$(inherited) @executable_path/Frameworks";
				PRODUCT_BUNDLE_IDENTIFIER = "FPSS-1999-2015.Project4";
				PRODUCT_NAME = "$(TARGET_NAME)";
			};
			name = Debug;
		};
		6D1FCCD71BCBA53D002701D9 /* Release */ = {
			isa = XCBuildConfiguration;
			buildSettings = {
				ASSETCATALOG_COMPILER_APPICON_NAME = AppIcon;
				INFOPLIST_FILE = Project4/Info.plist;
				LD_RUNPATH_SEARCH_PATHS = "$(inherited) @executable_path/Frameworks";
				PRODUCT_BUNDLE_IDENTIFIER = "FPSS-1999-2015.Project4";
				PRODUCT_NAME = "$(TARGET_NAME)";
			};
			name = Release;
		};
/* End XCBuildConfiguration section */

/* Begin XCConfigurationList section */
		6D1FCCBE1BCBA53D002701D9 /* Build configuration list for PBXProject "Project4" */ = {
			isa = XCConfigurationList;
			buildConfigurations = (
				6D1FCCD31BCBA53D002701D9 /* Debug */,
				6D1FCCD41BCBA53D002701D9 /* Release */,
			);
			defaultConfigurationIsVisible = 0;
			defaultConfigurationName = Release;
		};
		6D1FCCD51BCBA53D002701D9 /* Build configuration list for PBXNativeTarget "Project4" */ = {
			isa = XCConfigurationList;
			buildConfigurations = (
				6D1FCCD61BCBA53D002701D9 /* Debug */,
				6D1FCCD71BCBA53D002701D9 /* Release */,
			);
			defaultConfigurationIsVisible = 0;
		};
/* End XCConfigurationList section */
	};
	rootObject = 6D1FCCBB1BCBA53D002701D9 /* Project object */;
}
